
Microsoft Visual Studio Solution File, Format Version 12.00
# Visual Studio Version 17
VisualStudioVersion = 17.4.33103.184
MinimumVisualStudioVersion = 10.0.40219.1
Project("{FAE04EC0-301F-11D3-BF4B-00C04F79EFBC}") = "Aula_09", "Aula_09\Aula_09.csproj", "{27AC8960-D550-44D4-92A9-FD05B0814672}"
EndProject
Project("{FAE04EC0-301F-11D3-BF4B-00C04F79EFBC}") = "TrabComArquivos", "TrabComArquivos\TrabComArquivos.csproj", "{7EC21110-E38A-4DE0-9469-290AF12443FE}"
EndProject
Global
	GlobalSection(SolutionConfigurationPlatforms) = preSolution
		Debug|Any CPU = Debug|Any CPU
		Release|Any CPU = Release|Any CPU
	EndGlobalSection
	GlobalSection(ProjectConfigurationPlatforms) = postSolution
		{27AC8960-D550-44D4-92A9-FD05B0814672}.Debug|Any CPU.ActiveCfg = Debug|Any CPU
		{27AC8960-D550-44D4-92A9-FD05B0814672}.Debug|Any CPU.Build.0 = Debug|Any CPU
		{27AC8960-D550-44D4-92A9-FD05B0814672}.Release|Any CPU.ActiveCfg = Release|Any CPU
		{27AC8960-D550-44D4-92A9-FD05B0814672}.Release|Any CPU.Build.0 = Release|Any CPU
		{7EC21110-E38A-4DE0-9469-290AF12443FE}.Debug|Any CPU.ActiveCfg = Debug|Any CPU
		{7EC21110-E38A-4DE0-9469-290AF12443FE}.Debug|Any CPU.Build.0 = Debug|Any CPU
		{7EC21110-E38A-4DE0-9469-290AF12443FE}.Release|Any CPU.ActiveCfg = Release|Any CPU
		{7EC21110-E38A-4DE0-9469-290AF12443FE}.Release|Any CPU.Build.0 = Release|Any CPU
	EndGlobalSection
	GlobalSection(SolutionProperties) = preSolution
		HideSolutionNode = FALSE
	EndGlobalSection
	GlobalSection(ExtensibilityGlobals) = postSolution
		SolutionGuid = {0E20BDF5-D5C0-4648-B35B-09A5D51210E3}
	EndGlobalSection
EndGlobal
